{
  "nodes": {
    "darwin": {
      "inputs": {
        "nixpkgs": "nixpkgs"
      },
      "locked": {
        "lastModified": 1634994402,
        "narHash": "sha256-xmlCVVOYGpZoxgOqsDOVF0B0ASrnbNGVAEzID9qh2xo=",
        "owner": "LnL7",
        "repo": "nix-darwin",
        "rev": "44da835ac40dab5fd231298b59d83487382d2fab",
        "type": "github"
      },
      "original": {
        "owner": "LnL7",
        "ref": "master",
        "repo": "nix-darwin",
        "type": "github"
      }
    },
    "flake-utils": {
      "locked": {
        "lastModified": 1638122382,
        "narHash": "sha256-sQzZzAbvKEqN9s0bzWuYmRaA03v40gaJ4+iL1LXjaeI=",
        "owner": "numtide",
        "repo": "flake-utils",
        "rev": "74f7e4319258e287b0f9cb95426c9853b282730b",
        "type": "github"
      },
      "original": {
        "owner": "numtide",
        "repo": "flake-utils",
        "type": "github"
      }
    },
    "home-manager": {
      "inputs": {
        "nixpkgs": [
          "unstable"
        ]
      },
      "locked": {
        "lastModified": 1638571010,
        "narHash": "sha256-KSO7u13VRLdklQTKYJaBSfVcurEvw+HifAsHR7V2i5E=",
        "owner": "nix-community",
        "repo": "home-manager",
        "rev": "781d25b315def05cd7ede3765226c54216f0b1fe",
        "type": "github"
      },
      "original": {
        "owner": "nix-community",
        "ref": "master",
        "repo": "home-manager",
        "type": "github"
      }
    },
    "my-nixpkgs": {
      "inputs": {
        "flake-utils": "flake-utils",
        "nixpkgs": [
          "unstable"
        ]
      },
      "locked": {
        "lastModified": 1638907630,
        "narHash": "sha256-WwzYTFWVAVhSy/q61ZN1sD/FOwMof+NLLBfj2O79pik=",
        "owner": "Steven0351",
        "repo": "nixpkgs-srs",
        "rev": "e735f7750b15ee32dd8f81522818bad9d7423f91",
        "type": "github"
      },
      "original": {
        "owner": "Steven0351",
        "ref": "main",
        "repo": "nixpkgs-srs",
        "type": "github"
      }
    },
    "nixpkgs": {
      "locked": {
        "lastModified": 1602411953,
        "narHash": "sha256-gbupmxRpoQZqL5NBQCJN2GI5G7XDEHHHYKhVwEj5+Ps=",
        "owner": "LnL7",
        "repo": "nixpkgs",
        "rev": "f780534ea2d0c12e62607ff254b6b45f46653f7a",
        "type": "github"
      },
      "original": {
        "id": "nixpkgs",
        "type": "indirect"
      }
    },
    "nixpkgs_2": {
      "locked": {
        "lastModified": 1638907064,
        "narHash": "sha256-TN2zQENv7hsbqHpcMA80gqcMk/Kvvo/a4uVKMBsi16Q=",
        "owner": "NixOS",
        "repo": "nixpkgs",
        "rev": "00a904f61bd9880bc388edf4ef1aa13b02767256",
        "type": "github"
      },
      "original": {
        "id": "nixpkgs",
        "type": "indirect"
      }
    },
    "root": {
      "inputs": {
        "darwin": "darwin",
        "home-manager": "home-manager",
        "my-nixpkgs": "my-nixpkgs",
        "nixpkgs": "nixpkgs_2",
        "unstable": "unstable"
      }
    },
    "unstable": {
      "locked": {
        "lastModified": 1638847994,
        "narHash": "sha256-Yr/nG6ZpFWjJ7xWPUtfj6L3dPuaY5D4WGYKuYA8qTTY=",
        "owner": "nixos",
        "repo": "nixpkgs",
        "rev": "fe3e7ef66c3b774fd194ae275ce1ac9cb71b13e5",
        "type": "github"
      },
      "original": {
        "owner": "nixos",
        "ref": "nixpkgs-unstable",
        "repo": "nixpkgs",
        "type": "github"
      }
    }
  },
  "root": "root",
  "version": 7
}
